
Microsoft Visual Studio Solution File, Format Version 12.00
# Visual Studio Version 17
VisualStudioVersion = 17.10.35122.118
MinimumVisualStudioVersion = 10.0.40219.1
Project("{FAE04EC0-301F-11D3-BF4B-00C04F79EFBC}") = "Library Managment Project", "Library Managment Project\Library Managment Project.csproj", "{A11BD3D3-7332-472B-A1FE-9E1B5F68E1FD}"
EndProject
Global
	GlobalSection(SolutionConfigurationPlatforms) = preSolution
		Debug|Any CPU = Debug|Any CPU
		Release|Any CPU = Release|Any CPU
	EndGlobalSection
	GlobalSection(ProjectConfigurationPlatforms) = postSolution
		{A11BD3D3-7332-472B-A1FE-9E1B5F68E1FD}.Debug|Any CPU.ActiveCfg = Debug|Any CPU
		{A11BD3D3-7332-472B-A1FE-9E1B5F68E1FD}.Debug|Any CPU.Build.0 = Debug|Any CPU
		{A11BD3D3-7332-472B-A1FE-9E1B5F68E1FD}.Release|Any CPU.ActiveCfg = Release|Any CPU
		{A11BD3D3-7332-472B-A1FE-9E1B5F68E1FD}.Release|Any CPU.Build.0 = Release|Any CPU
	EndGlobalSection
	GlobalSection(SolutionProperties) = preSolution
		HideSolutionNode = FALSE
	EndGlobalSection
	GlobalSection(ExtensibilityGlobals) = postSolution
		SolutionGuid = {87B9F7F5-EA9A-486A-B5F2-F7411803FBF0}
	EndGlobalSection
EndGlobal
